// !$*UTF8*$!
{
	archiveVersion = 1;
	classes = {
	};
	objectVersion = 77;
	objects = {

/* Begin PBXContainerItemProxy section */
		D08C3B912CBEB3650022D5B7 /* PBXContainerItemProxy */ = {
			isa = PBXContainerItemProxy;
			containerPortal = D08C3B732CBEB3630022D5B7 /* Project object */;
			proxyType = 1;
			remoteGlobalIDString = D08C3B7A2CBEB3630022D5B7;
			remoteInfo = Borsa;
		};
		D08C3B9B2CBEB3650022D5B7 /* PBXContainerItemProxy */ = {
			isa = PBXContainerItemProxy;
			containerPortal = D08C3B732CBEB3630022D5B7 /* Project object */;
			proxyType = 1;
			remoteGlobalIDString = D08C3B7A2CBEB3630022D5B7;
			remoteInfo = Borsa;
		};
/* End PBXContainerItemProxy section */

/* Begin PBXFileReference section */
		D08C3B7B2CBEB3630022D5B7 /* Borsa.app */ = {isa = PBXFileReference; explicitFileType = wrapper.application; includeInIndex = 0; path = Borsa.app; sourceTree = BUILT_PRODUCTS_DIR; };
		D08C3B902CBEB3650022D5B7 /* BorsaTests.xctest */ = {isa = PBXFileReference; explicitFileType = wrapper.cfbundle; includeInIndex = 0; path = BorsaTests.xctest; sourceTree = BUILT_PRODUCTS_DIR; };
		D08C3B9A2CBEB3650022D5B7 /* BorsaUITests.xctest */ = {isa = PBXFileReference; explicitFileType = wrapper.cfbundle; includeInIndex = 0; path = BorsaUITests.xctest; sourceTree = BUILT_PRODUCTS_DIR; };
/* End PBXFileReference section */

/* Begin PBXFileSystemSynchronizedRootGroup section */
		D08C3B7D2CBEB3630022D5B7 /* Borsa */ = {
			isa = PBXFileSystemSynchronizedRootGroup;
			path = Borsa;
			sourceTree = "<group>";
		};
		D08C3B932CBEB3650022D5B7 /* BorsaTests */ = {
			isa = PBXFileSystemSynchronizedRootGroup;
			path = BorsaTests;
			sourceTree = "<group>";
		};
		D08C3B9D2CBEB3650022D5B7 /* BorsaUITests */ = {
			isa = PBXFileSystemSynchronizedRootGroup;
			path = BorsaUITests;
			sourceTree = "<group>";
		};
/* End PBXFileSystemSynchronizedRootGroup section */

/* Begin PBXFrameworksBuildPhase section */
		D08C3B782CBEB3630022D5B7 /* Frameworks */ = {
			isa = PBXFrameworksBuildPhase;
			buildActionMask = 2147483647;
			files = (
			);
			runOnlyForDeploymentPostprocessing = 0;
		};
		D08C3B8D2CBEB3650022D5B7 /* Frameworks */ = {
			isa = PBXFrameworksBuildPhase;
			buildActionMask = 2147483647;
			files = (
			);
			runOnlyForDeploymentPostprocessing = 0;
		};
		D08C3B972CBEB3650022D5B7 /* Frameworks */ = {
			isa = PBXFrameworksBuildPhase;
			buildActionMask = 2147483647;
			files = (
			);
			runOnlyForDeploymentPostprocessing = 0;
		};
/* End PBXFrameworksBuildPhase section */

/* Begin PBXGroup section */
		D08C3B722CBEB3630022D5B7 = {
			isa = PBXGroup;
			children = (
				D08C3B7D2CBEB3630022D5B7 /* Borsa */,
				D08C3B932CBEB3650022D5B7 /* BorsaTests */,
				D08C3B9D2CBEB3650022D5B7 /* BorsaUITests */,
				D08C3B7C2CBEB3630022D5B7 /* Products */,
			);
			sourceTree = "<group>";
		};
		D08C3B7C2CBEB3630022D5B7 /* Products */ = {
			isa = PBXGroup;
			children = (
				D08C3B7B2CBEB3630022D5B7 /* Borsa.app */,
				D08C3B902CBEB3650022D5B7 /* BorsaTests.xctest */,
				D08C3B9A2CBEB3650022D5B7 /* BorsaUITests.xctest */,
			);
			name = Products;
			sourceTree = "<group>";
		};
/* End PBXGroup section */

/* Begin PBXNativeTarget section */
		D08C3B7A2CBEB3630022D5B7 /* Borsa */ = {
			isa = PBXNativeTarget;
			buildConfigurationList = D08C3BA42CBEB3650022D5B7 /* Build configuration list for PBXNativeTarget "Borsa" */;
			buildPhases = (
				D08C3B772CBEB3630022D5B7 /* Sources */,
				D08C3B782CBEB3630022D5B7 /* Frameworks */,
				D08C3B792CBEB3630022D5B7 /* Resources */,
			);
			buildRules = (
			);
			dependencies = (
			);
			fileSystemSynchronizedGroups = (
				D08C3B7D2CBEB3630022D5B7 /* Borsa */,
			);
			name = Borsa;
			packageProductDependencies = (
			);
			productName = Borsa;
			productReference = D08C3B7B2CBEB3630022D5B7 /* Borsa.app */;
			productType = "com.apple.product-type.application";
		};
		D08C3B8F2CBEB3650022D5B7 /* BorsaTests */ = {
			isa = PBXNativeTarget;
			buildConfigurationList = D08C3BA72CBEB3650022D5B7 /* Build configuration list for PBXNativeTarget "BorsaTests" */;
			buildPhases = (
				D08C3B8C2CBEB3650022D5B7 /* Sources */,
				D08C3B8D2CBEB3650022D5B7 /* Frameworks */,
				D08C3B8E2CBEB3650022D5B7 /* Resources */,
			);
			buildRules = (
			);
			dependencies = (
				D08C3B922CBEB3650022D5B7 /* PBXTargetDependency */,
			);
			fileSystemSynchronizedGroups = (
				D08C3B932CBEB3650022D5B7 /* BorsaTests */,
			);
			name = BorsaTests;
			packageProductDependencies = (
			);
			productName = BorsaTests;
			productReference = D08C3B902CBEB3650022D5B7 /* BorsaTests.xctest */;
			productType = "com.apple.product-type.bundle.unit-test";
		};
		D08C3B992CBEB3650022D5B7 /* BorsaUITests */ = {
			isa = PBXNativeTarget;
			buildConfigurationList = D08C3BAA2CBEB3650022D5B7 /* Build configuration list for PBXNativeTarget "BorsaUITests" */;
			buildPhases = (
				D08C3B962CBEB3650022D5B7 /* Sources */,
				D08C3B972CBEB3650022D5B7 /* Frameworks */,
				D08C3B982CBEB3650022D5B7 /* Resources */,
			);
			buildRules = (
			);
			dependencies = (
				D08C3B9C2CBEB3650022D5B7 /* PBXTargetDependency */,
			);
			fileSystemSynchronizedGroups = (
				D08C3B9D2CBEB3650022D5B7 /* BorsaUITests */,
			);
			name = BorsaUITests;
			packageProductDependencies = (
			);
			productName = BorsaUITests;
			productReference = D08C3B9A2CBEB3650022D5B7 /* BorsaUITests.xctest */;
			productType = "com.apple.product-type.bundle.ui-testing";
		};
/* End PBXNativeTarget section */

/* Begin PBXProject section */
		D08C3B732CBEB3630022D5B7 /* Project object */ = {
			isa = PBXProject;
			attributes = {
				BuildIndependentTargetsInParallel = 1;
				LastSwiftUpdateCheck = 1600;
				LastUpgradeCheck = 1600;
				TargetAttributes = {
					D08C3B7A2CBEB3630022D5B7 = {
						CreatedOnToolsVersion = 16.0;
					};
					D08C3B8F2CBEB3650022D5B7 = {
						CreatedOnToolsVersion = 16.0;
						TestTargetID = D08C3B7A2CBEB3630022D5B7;
					};
					D08C3B992CBEB3650022D5B7 = {
						CreatedOnToolsVersion = 16.0;
						TestTargetID = D08C3B7A2CBEB3630022D5B7;
					};
				};
			};
			buildConfigurationList = D08C3B762CBEB3630022D5B7 /* Build configuration list for PBXProject "Borsa" */;
			developmentRegion = en;
			hasScannedForEncodings = 0;
			knownRegions = (
				en,
				Base,
			);
			mainGroup = D08C3B722CBEB3630022D5B7;
			minimizedProjectReferenceProxies = 1;
			preferredProjectObjectVersion = 77;
			productRefGroup = D08C3B7C2CBEB3630022D5B7 /* Products */;
			projectDirPath = "";
			projectRoot = "";
			targets = (
				D08C3B7A2CBEB3630022D5B7 /* Borsa */,
				D08C3B8F2CBEB3650022D5B7 /* BorsaTests */,
				D08C3B992CBEB3650022D5B7 /* BorsaUITests */,
			);
		};
/* End PBXProject section */

/* Begin PBXResourcesBuildPhase section */
		D08C3B792CBEB3630022D5B7 /* Resources */ = {
			isa = PBXResourcesBuildPhase;
			buildActionMask = 2147483647;
			files = (
			);
			runOnlyForDeploymentPostprocessing = 0;
		};
		D08C3B8E2CBEB3650022D5B7 /* Resources */ = {
			isa = PBXResourcesBuildPhase;
			buildActionMask = 2147483647;
			files = (
			);
			runOnlyForDeploymentPostprocessing = 0;
		};
		D08C3B982CBEB3650022D5B7 /* Resources */ = {
			isa = PBXResourcesBuildPhase;
			buildActionMask = 2147483647;
			files = (
			);
			runOnlyForDeploymentPostprocessing = 0;
		};
/* End PBXResourcesBuildPhase section */

/* Begin PBXSourcesBuildPhase section */
		D08C3B772CBEB3630022D5B7 /* Sources */ = {
			isa = PBXSourcesBuildPhase;
			buildActionMask = 2147483647;
			files = (
			);
			runOnlyForDeploymentPostprocessing = 0;
		};
		D08C3B8C2CBEB3650022D5B7 /* Sources */ = {
			isa = PBXSourcesBuildPhase;
			buildActionMask = 2147483647;
			files = (
			);
			runOnlyForDeploymentPostprocessing = 0;
		};
		D08C3B962CBEB3650022D5B7 /* Sources */ = {
			isa = PBXSourcesBuildPhase;
			buildActionMask = 2147483647;
			files = (
			);
			runOnlyForDeploymentPostprocessing = 0;
		};
/* End PBXSourcesBuildPhase section */

/* Begin PBXTargetDependency section */
		D08C3B922CBEB3650022D5B7 /* PBXTargetDependency */ = {
			isa = PBXTargetDependency;
			target = D08C3B7A2CBEB3630022D5B7 /* Borsa */;
			targetProxy = D08C3B912CBEB3650022D5B7 /* PBXContainerItemProxy */;
		};
		D08C3B9C2CBEB3650022D5B7 /* PBXTargetDependency */ = {
			isa = PBXTargetDependency;
			target = D08C3B7A2CBEB3630022D5B7 /* Borsa */;
			targetProxy = D08C3B9B2CBEB3650022D5B7 /* PBXContainerItemProxy */;
		};
/* End PBXTargetDependency section */

/* Begin XCBuildConfiguration section */
		D08C3BA22CBEB3650022D5B7 /* Debug */ = {
			isa = XCBuildConfiguration;
			buildSettings = {
				ALWAYS_SEARCH_USER_PATHS = NO;
				ASSETCATALOG_COMPILER_GENERATE_SWIFT_ASSET_SYMBOL_EXTENSIONS = YES;
				CLANG_ANALYZER_NONNULL = YES;
				CLANG_ANALYZER_NUMBER_OBJECT_CONVERSION = YES_AGGRESSIVE;
				CLANG_CXX_LANGUAGE_STANDARD = "gnu++20";
				CLANG_ENABLE_MODULES = YES;
				CLANG_ENABLE_OBJC_ARC = YES;
				CLANG_ENABLE_OBJC_WEAK = YES;
				CLANG_WARN_BLOCK_CAPTURE_AUTORELEASING = YES;
				CLANG_WARN_BOOL_CONVERSION = YES;
				CLANG_WARN_COMMA = YES;
				CLANG_WARN_CONSTANT_CONVERSION = YES;
				CLANG_WARN_DEPRECATED_OBJC_IMPLEMENTATIONS = YES;
				CLANG_WARN_DIRECT_OBJC_ISA_USAGE = YES_ERROR;
				CLANG_WARN_DOCUMENTATION_COMMENTS = YES;
				CLANG_WARN_EMPTY_BODY = YES;
				CLANG_WARN_ENUM_CONVERSION = YES;
				CLANG_WARN_INFINITE_RECURSION = YES;
				CLANG_WARN_INT_CONVERSION = YES;
				CLANG_WARN_NON_LITERAL_NULL_CONVERSION = YES;
				CLANG_WARN_OBJC_IMPLICIT_RETAIN_SELF = YES;
				CLANG_WARN_OBJC_LITERAL_CONVERSION = YES;
				CLANG_WARN_OBJC_ROOT_CLASS = YES_ERROR;
				CLANG_WARN_QUOTED_INCLUDE_IN_FRAMEWORK_HEADER = YES;
				CLANG_WARN_RANGE_LOOP_ANALYSIS = YES;
				CLANG_WARN_STRICT_PROTOTYPES = YES;
				CLANG_WARN_SUSPICIOUS_MOVE = YES;
				CLANG_WARN_UNGUARDED_AVAILABILITY = YES_AGGRESSIVE;
				CLANG_WARN_UNREACHABLE_CODE = YES;
				CLANG_WARN__DUPLICATE_METHOD_MATCH = YES;
				COPY_PHASE_STRIP = NO;
				DEBUG_INFORMATION_FORMAT = dwarf;
				ENABLE_STRICT_OBJC_MSGSEND = YES;
				ENABLE_TESTABILITY = YES;
				ENABLE_USER_SCRIPT_SANDBOXING = YES;
				GCC_C_LANGUAGE_STANDARD = gnu17;
				GCC_DYNAMIC_NO_PIC = NO;
				GCC_NO_COMMON_BLOCKS = YES;
				GCC_OPTIMIZATION_LEVEL = 0;
				GCC_PREPROCESSOR_DEFINITIONS = (
					"DEBUG=1",
					"$(inherited)",
				);
				GCC_WARN_64_TO_32_BIT_CONVERSION = YES;
				GCC_WARN_ABOUT_RETURN_TYPE = YES_ERROR;
				GCC_WARN_UNDECLARED_SELECTOR = YES;
				GCC_WARN_UNINITIALIZED_AUTOS = YES_AGGRESSIVE;
				GCC_WARN_UNUSED_FUNCTION = YES;
				GCC_WARN_UNUSED_VARIABLE = YES;
				IPHONEOS_DEPLOYMENT_TARGET = 18.0;
				LOCALIZATION_PREFERS_STRING_CATALOGS = YES;
				MTL_ENABLE_DEBUG_INFO = INCLUDE_SOURCE;
				MTL_FAST_MATH = YES;
				ONLY_ACTIVE_ARCH = YES;
				SDKROOT = iphoneos;
				SWIFT_ACTIVE_COMPILATION_CONDITIONS = "DEBUG $(inherited)";
				SWIFT_OPTIMIZATION_LEVEL = "-Onone";
			};
			name = Debug;
		};
		D08C3BA32CBEB3650022D5B7 /* Release */ = {
			isa = XCBuildConfiguration;
			buildSettings = {
				ALWAYS_SEARCH_USER_PATHS = NO;
				ASSETCATALOG_COMPILER_GENERATE_SWIFT_ASSET_SYMBOL_EXTENSIONS = YES;
				CLANG_ANALYZER_NONNULL = YES;
				CLANG_ANALYZER_NUMBER_OBJECT_CONVERSION = YES_AGGRESSIVE;
				CLANG_CXX_LANGUAGE_STANDARD = "gnu++20";
				CLANG_ENABLE_MODULES = YES;
				CLANG_ENABLE_OBJC_ARC = YES;
				CLANG_ENABLE_OBJC_WEAK = YES;
				CLANG_WARN_BLOCK_CAPTURE_AUTORELEASING = YES;
				CLANG_WARN_BOOL_CONVERSION = YES;
				CLANG_WARN_COMMA = YES;
				CLANG_WARN_CONSTANT_CONVERSION = YES;
				CLANG_WARN_DEPRECATED_OBJC_IMPLEMENTATIONS = YES;
				CLANG_WARN_DIRECT_OBJC_ISA_USAGE = YES_ERROR;
				CLANG_WARN_DOCUMENTATION_COMMENTS = YES;
				CLANG_WARN_EMPTY_BODY = YES;
				CLANG_WARN_ENUM_CONVERSION = YES;
				CLANG_WARN_INFINITE_RECURSION = YES;
				CLANG_WARN_INT_CONVERSION = YES;
				CLANG_WARN_NON_LITERAL_NULL_CONVERSION = YES;
				CLANG_WARN_OBJC_IMPLICIT_RETAIN_SELF = YES;
				CLANG_WARN_OBJC_LITERAL_CONVERSION = YES;
				CLANG_WARN_OBJC_ROOT_CLASS = YES_ERROR;
				CLANG_WARN_QUOTED_INCLUDE_IN_FRAMEWORK_HEADER = YES;
				CLANG_WARN_RANGE_LOOP_ANALYSIS = YES;
				CLANG_WARN_STRICT_PROTOTYPES = YES;
				CLANG_WARN_SUSPICIOUS_MOVE = YES;
				CLANG_WARN_UNGUARDED_AVAILABILITY = YES_AGGRESSIVE;
				CLANG_WARN_UNREACHABLE_CODE = YES;
				CLANG_WARN__DUPLICATE_METHOD_MATCH = YES;
				COPY_PHASE_STRIP = NO;
				DEBUG_INFORMATION_FORMAT = "dwarf-with-dsym";
				ENABLE_NS_ASSERTIONS = NO;
				ENABLE_STRICT_OBJC_MSGSEND = YES;
				ENABLE_USER_SCRIPT_SANDBOXING = YES;
				GCC_C_LANGUAGE_STANDARD = gnu17;
				GCC_NO_COMMON_BLOCKS = YES;
				GCC_WARN_64_TO_32_BIT_CONVERSION = YES;
				GCC_WARN_ABOUT_RETURN_TYPE = YES_ERROR;
				GCC_WARN_UNDECLARED_SELECTOR = YES;
				GCC_WARN_UNINITIALIZED_AUTOS = YES_AGGRESSIVE;
				GCC_WARN_UNUSED_FUNCTION = YES;
				GCC_WARN_UNUSED_VARIABLE = YES;
				IPHONEOS_DEPLOYMENT_TARGET = 18.0;
				LOCALIZATION_PREFERS_STRING_CATALOGS = YES;
				MTL_ENABLE_DEBUG_INFO = NO;
				MTL_FAST_MATH = YES;
				SDKROOT = iphoneos;
				SWIFT_COMPILATION_MODE = wholemodule;
				VALIDATE_PRODUCT = YES;
			};
			name = Release;
		};
		D08C3BA52CBEB3650022D5B7 /* Debug */ = {
			isa = XCBuildConfiguration;
			buildSettings = {
				ASSETCATALOG_COMPILER_APPICON_NAME = AppIcon;
				ASSETCATALOG_COMPILER_GLOBAL_ACCENT_COLOR_NAME = AccentColor;
				CODE_SIGN_STYLE = Automatic;
				CURRENT_PROJECT_VERSION = 1;
				DEVELOPMENT_ASSET_PATHS = "\"Borsa/Preview Content\"";
				DEVELOPMENT_TEAM = MP7262U7HC;
				ENABLE_PREVIEWS = YES;
				GENERATE_INFOPLIST_FILE = YES;
				INFOPLIST_KEY_UIApplicationSceneManifest_Generation = YES;
				INFOPLIST_KEY_UIApplicationSupportsIndirectInputEvents = YES;
				INFOPLIST_KEY_UILaunchScreen_Generation = YES;
				INFOPLIST_KEY_UISupportedInterfaceOrientations_iPad = "UIInterfaceOrientationPortrait UIInterfaceOrientationPortraitUpsideDown UIInterfaceOrientationLandscapeLeft UIInterfaceOrientationLandscapeRight";
				INFOPLIST_KEY_UISupportedInterfaceOrientations_iPhone = "UIInterfaceOrientationPortrait UIInterfaceOrientationLandscapeLeft UIInterfaceOrientationLandscapeRight";
				LD_RUNPATH_SEARCH_PATHS = (
					"$(inherited)",
					"@executable_path/Frameworks",
				);
				MARKETING_VERSION = 1.0;
				PRODUCT_BUNDLE_IDENTIFIER = com.InspoApp.Borsa;
				PRODUCT_NAME = "$(TARGET_NAME)";
				SWIFT_EMIT_LOC_STRINGS = YES;
				SWIFT_VERSION = 5.0;
				TARGETED_DEVICE_FAMILY = "1,2";
			};
			name = Debug;
		};
		D08C3BA62CBEB3650022D5B7 /* Release */ = {
			isa = XCBuildConfiguration;
			buildSettings = {
				ASSETCATALOG_COMPILER_APPICON_NAME = AppIcon;
				ASSETCATALOG_COMPILER_GLOBAL_ACCENT_COLOR_NAME = AccentColor;
				CODE_SIGN_STYLE = Automatic;
				CURRENT_PROJECT_VERSION = 1;
				DEVELOPMENT_ASSET_PATHS = "\"Borsa/Preview Content\"";
				DEVELOPMENT_TEAM = MP7262U7HC;
				ENABLE_PREVIEWS = YES;
				GENERATE_INFOPLIST_FILE = YES;
				INFOPLIST_KEY_UIApplicationSceneManifest_Generation = YES;
				INFOPLIST_KEY_UIApplicationSupportsIndirectInputEvents = YES;
				INFOPLIST_KEY_UILaunchScreen_Generation = YES;
				INFOPLIST_KEY_UISupportedInterfaceOrientations_iPad = "UIInterfaceOrientationPortrait UIInterfaceOrientationPortraitUpsideDown UIInterfaceOrientationLandscapeLeft UIInterfaceOrientationLandscapeRight";
				INFOPLIST_KEY_UISupportedInterfaceOrientations_iPhone = "UIInterfaceOrientationPortrait UIInterfaceOrientationLandscapeLeft UIInterfaceOrientationLandscapeRight";
				LD_RUNPATH_SEARCH_PATHS = (
					"$(inherited)",
					"@executable_path/Frameworks",
				);
				MARKETING_VERSION = 1.0;
				PRODUCT_BUNDLE_IDENTIFIER = com.InspoApp.Borsa;
				PRODUCT_NAME = "$(TARGET_NAME)";
				SWIFT_EMIT_LOC_STRINGS = YES;
				SWIFT_VERSION = 5.0;
				TARGETED_DEVICE_FAMILY = "1,2";
			};
			name = Release;
		};
		D08C3BA82CBEB3650022D5B7 /* Debug */ = {
			isa = XCBuildConfiguration;
			buildSettings = {
				BUNDLE_LOADER = "$(TEST_HOST)";
				CODE_SIGN_STYLE = Automatic;
				CURRENT_PROJECT_VERSION = 1;
				DEVELOPMENT_TEAM = MP7262U7HC;
				GENERATE_INFOPLIST_FILE = YES;
				IPHONEOS_DEPLOYMENT_TARGET = 18.0;
				MARKETING_VERSION = 1.0;
				PRODUCT_BUNDLE_IDENTIFIER = com.InspoApp.BorsaTests;
				PRODUCT_NAME = "$(TARGET_NAME)";
				SWIFT_EMIT_LOC_STRINGS = NO;
				SWIFT_VERSION = 5.0;
				TARGETED_DEVICE_FAMILY = "1,2";
				TEST_HOST = "$(BUILT_PRODUCTS_DIR)/Borsa.app/$(BUNDLE_EXECUTABLE_FOLDER_PATH)/Borsa";
			};
			name = Debug;
		};
		D08C3BA92CBEB3650022D5B7 /* Release */ = {
			isa = XCBuildConfiguration;
			buildSettings = {
				BUNDLE_LOADER = "$(TEST_HOST)";
				CODE_SIGN_STYLE = Automatic;
				CURRENT_PROJECT_VERSION = 1;
				DEVELOPMENT_TEAM = MP7262U7HC;
				GENERATE_INFOPLIST_FILE = YES;
				IPHONEOS_DEPLOYMENT_TARGET = 18.0;
				MARKETING_VERSION = 1.0;
				PRODUCT_BUNDLE_IDENTIFIER = com.InspoApp.BorsaTests;
				PRODUCT_NAME = "$(TARGET_NAME)";
				SWIFT_EMIT_LOC_STRINGS = NO;
				SWIFT_VERSION = 5.0;
				TARGETED_DEVICE_FAMILY = "1,2";
				TEST_HOST = "$(BUILT_PRODUCTS_DIR)/Borsa.app/$(BUNDLE_EXECUTABLE_FOLDER_PATH)/Borsa";
			};
			name = Release;
		};
		D08C3BAB2CBEB3650022D5B7 /* Debug */ = {
			isa = XCBuildConfiguration;
			buildSettings = {
				CODE_SIGN_STYLE = Automatic;
				CURRENT_PROJECT_VERSION = 1;
				DEVELOPMENT_TEAM = MP7262U7HC;
				GENERATE_INFOPLIST_FILE = YES;
				MARKETING_VERSION = 1.0;
				PRODUCT_BUNDLE_IDENTIFIER = com.InspoApp.BorsaUITests;
				PRODUCT_NAME = "$(TARGET_NAME)";
				SWIFT_EMIT_LOC_STRINGS = NO;
				SWIFT_VERSION = 5.0;
				TARGETED_DEVICE_FAMILY = "1,2";
				TEST_TARGET_NAME = Borsa;
			};
			name = Debug;
		};
		D08C3BAC2CBEB3650022D5B7 /* Release */ = {
			isa = XCBuildConfiguration;
			buildSettings = {
				CODE_SIGN_STYLE = Automatic;
				CURRENT_PROJECT_VERSION = 1;
				DEVELOPMENT_TEAM = MP7262U7HC;
				GENERATE_INFOPLIST_FILE = YES;
				MARKETING_VERSION = 1.0;
				PRODUCT_BUNDLE_IDENTIFIER = com.InspoApp.BorsaUITests;
				PRODUCT_NAME = "$(TARGET_NAME)";
				SWIFT_EMIT_LOC_STRINGS = NO;
				SWIFT_VERSION = 5.0;
				TARGETED_DEVICE_FAMILY = "1,2";
				TEST_TARGET_NAME = Borsa;
			};
			name = Release;
		};
/* End XCBuildConfiguration section */

/* Begin XCConfigurationList section */
		D08C3B762CBEB3630022D5B7 /* Build configuration list for PBXProject "Borsa" */ = {
			isa = XCConfigurationList;
			buildConfigurations = (
				D08C3BA22CBEB3650022D5B7 /* Debug */,
				D08C3BA32CBEB3650022D5B7 /* Release */,
			);
			defaultConfigurationIsVisible = 0;
			defaultConfigurationName = Release;
		};
		D08C3BA42CBEB3650022D5B7 /* Build configuration list for PBXNativeTarget "Borsa" */ = {
			isa = XCConfigurationList;
			buildConfigurations = (
				D08C3BA52CBEB3650022D5B7 /* Debug */,
				D08C3BA62CBEB3650022D5B7 /* Release */,
			);
			defaultConfigurationIsVisible = 0;
			defaultConfigurationName = Release;
		};
		D08C3BA72CBEB3650022D5B7 /* Build configuration list for PBXNativeTarget "BorsaTests" */ = {
			isa = XCConfigurationList;
			buildConfigurations = (
				D08C3BA82CBEB3650022D5B7 /* Debug */,
				D08C3BA92CBEB3650022D5B7 /* Release */,
			);
			defaultConfigurationIsVisible = 0;
			defaultConfigurationName = Release;
		};
		D08C3BAA2CBEB3650022D5B7 /* Build configuration list for PBXNativeTarget "BorsaUITests" */ = {
			isa = XCConfigurationList;
			buildConfigurations = (
				D08C3BAB2CBEB3650022D5B7 /* Debug */,
				D08C3BAC2CBEB3650022D5B7 /* Release */,
			);
			defaultConfigurationIsVisible = 0;
			defaultConfigurationName = Release;
		};
/* End XCConfigurationList section */
	};
	rootObject = D08C3B732CBEB3630022D5B7 /* Project object */;
}
